<?xml version="1.0" encoding="utf-8"?>
<Project ToolsVersion="4.0" xmlns="http://schemas.microsoft.com/developer/msbuild/2003">
  <ItemGroup>
    <ClCompile Include="Button.cpp" />
    <ClCompile Include="World.cpp" />
    <ClCompile Include="Sprite.cpp" />
    <ClCompile Include="CollTestBox.cpp" />
    <ClCompile Include="Game.cpp" />
    <ClCompile Include="main.cpp" />
    <ClCompile Include="TextureSprite.cpp" />
    <ClCompile Include="Player.cpp" />
    <ClCompile Include="Timer.cpp" />
  </ItemGroup>
  <ItemGroup>
    <ClInclude Include="Background.h" />
    <ClInclude Include="BensTestWorld.h" />
    <ClInclude Include="Button.h" />
    <ClInclude Include="LucasTestWorld.h" />
    <ClInclude Include="JonathansTestWorld.h" />
    <ClInclude Include="Sprite.h" />
    <ClInclude Include="CollTestBox.h" />
    <ClInclude Include="Player.h" />
    <ClInclude Include="TestWorld.h" />
    <ClInclude Include="World.h" />
    <ClInclude Include="entities.h" />
    <ClInclude Include="Game.h" />
    <ClInclude Include="Hitbox.h" />
    <ClInclude Include="TextureSprite.h" />
    <ClInclude Include="TileSheet.h" />
    <ClInclude Include="Timer.h" />
    <ClInclude Include="..\..\Jimmy%27s Cardboard Castle - 2D\JimmysCardboardCastle\PaolosTestWorld.h" />
  </ItemGroup>
</Project>